PODS:
  - QCloudCore (5.0.0)
  - QCloudCOSXML (5.0.0):
    - QCloudCore (= 5.0.0)

DEPENDENCIES:
  - QCloudCore (from `https://github.com/EricCheungSCUT/qcloud-sdk-ios.git`)
  - QCloudCOSXML (from `https://github.com/EricCheungSCUT/qcloud-sdk-ios.git`)

EXTERNAL SOURCES:
  QCloudCore:
    :git: https://github.com/EricCheungSCUT/qcloud-sdk-ios.git
  QCloudCOSXML:
    :git: https://github.com/EricCheungSCUT/qcloud-sdk-ios.git

CHECKOUT OPTIONS:
  QCloudCore:
    :commit: 914f930e32803a7cfa0776537b97a74514bbc8d5
    :git: https://github.com/EricCheungSCUT/qcloud-sdk-ios.git
  QCloudCOSXML:
    :commit: 914f930e32803a7cfa0776537b97a74514bbc8d5
    :git: https://github.com/EricCheungSCUT/qcloud-sdk-ios.git

SPEC CHECKSUMS:
  QCloudCore: 66dfc01707490c68703b28a93dac63502c71c6fc
  QCloudCOSXML: 357e3f84d7de1fc797ea848ffef4d4a32f25acfe

PODFILE CHECKSUM: f1a82c0f96406920ccd6c465d7ac039dbc2b601e

COCOAPODS: 1.3.1
